
Microsoft Visual Studio Solution File, Format Version 12.00
# Visual Studio Version 17
VisualStudioVersion = 17.0.31903.59
MinimumVisualStudioVersion = 10.0.40219.1
Project("{2150E333-8FDC-42A3-9474-1A3956D46DE8}") = "Gateway", "Gateway", "{E7BDDBC6-9FD1-D1D7-ACD8-2C4F8E3D2461}"
EndProject
Project("{2150E333-8FDC-42A3-9474-1A3956D46DE8}") = "ApiGateway", "ApiGateway", "{2141A215-AC49-07B8-5C97-F1F960E8B242}"
EndProject
Project("{2150E333-8FDC-42A3-9474-1A3956D46DE8}") = "Services", "Services", "{5854FF58-B8C5-05C6-5BF2-ACE42193F22B}"
EndProject
Project("{2150E333-8FDC-42A3-9474-1A3956D46DE8}") = "UserService", "UserService", "{BB9B0570-D764-F740-A1C1-3444BA1D5022}"
EndProject
Project("{2150E333-8FDC-42A3-9474-1A3956D46DE8}") = "OrderService", "OrderService", "{05772A79-6677-48D6-4812-5BDCDF485F71}"
EndProject
Project("{2150E333-8FDC-42A3-9474-1A3956D46DE8}") = "Shared", "Shared", "{4F52FD11-658E-A102-6CD3-7D7C16FFA15B}"
EndProject
Project("{2150E333-8FDC-42A3-9474-1A3956D46DE8}") = "BuildingBlocks", "BuildingBlocks", "{EDD64D91-0F4B-5ED4-2866-ADA64D5A1C33}"
EndProject
Project("{2150E333-8FDC-42A3-9474-1A3956D46DE8}") = "Auth", "Auth", "{8F15F396-86AE-FCEA-89EE-976BCBA78593}"
EndProject
Project("{FAE04EC0-301F-11D3-BF4B-00C04F79EFBC}") = "BuildingBlocks.Auth", "Shared\BuildingBlocks\Auth\BuildingBlocks.Auth\BuildingBlocks.Auth.csproj", "{592AB440-1F64-4F14-9908-4315C1CF774E}"
EndProject
Project("{2150E333-8FDC-42A3-9474-1A3956D46DE8}") = "Logging", "Logging", "{D33FB775-0903-5FB4-7EB3-4480332D5C67}"
EndProject
Project("{FAE04EC0-301F-11D3-BF4B-00C04F79EFBC}") = "BuildingBlocks.Logging", "Shared\BuildingBlocks\Logging\BuildingBlocks.Logging\BuildingBlocks.Logging.csproj", "{830A2CF9-907E-46A6-B9A2-853CC5A53E79}"
EndProject
Project("{2150E333-8FDC-42A3-9474-1A3956D46DE8}") = "Middleware", "Middleware", "{A3FB1F6D-6D6F-D055-5EF4-5B2F7D2732FE}"
EndProject
Project("{FAE04EC0-301F-11D3-BF4B-00C04F79EFBC}") = "BuildingBlocks.Middleware", "Shared\BuildingBlocks\Middleware\BuildingBlocks.Middleware\BuildingBlocks.Middleware.csproj", "{84C1211E-9AB6-4882-95D4-9CCA7DC772FC}"
EndProject
Project("{FAE04EC0-301F-11D3-BF4B-00C04F79EFBC}") = "Order.API", "Services\OrderService\Order.API\Order.API.csproj", "{627C4EB9-324A-4F74-BB28-1D7ED58E569A}"
EndProject
Project("{FAE04EC0-301F-11D3-BF4B-00C04F79EFBC}") = "Order.Application", "Services\OrderService\Order.Application\Order.Application.csproj", "{29BE0B8F-FE4A-46D7-B764-3A1D530C5837}"
EndProject
Project("{FAE04EC0-301F-11D3-BF4B-00C04F79EFBC}") = "Order.Domain", "Services\OrderService\Order.Domain\Order.Domain.csproj", "{3DCD2D66-F074-4C95-991C-D291920F2597}"
EndProject
Project("{FAE04EC0-301F-11D3-BF4B-00C04F79EFBC}") = "Order.Infrastructure", "Services\OrderService\Order.Infrastructure\Order.Infrastructure.csproj", "{70F378B2-6139-4700-9F78-C20FA41649E2}"
EndProject
Project("{FAE04EC0-301F-11D3-BF4B-00C04F79EFBC}") = "User.API", "Services\UserService\User.API\User.API.csproj", "{E67098FC-8484-4912-B8D6-3A5C4F930DF6}"
EndProject
Project("{FAE04EC0-301F-11D3-BF4B-00C04F79EFBC}") = "ApiGateway", "Gateway\ApiGateway\ApiGateway\ApiGateway.csproj", "{0EAA4D26-50BE-4F62-AF86-034A45F6583D}"
EndProject
Project("{FAE04EC0-301F-11D3-BF4B-00C04F79EFBC}") = "User.Domain", "Services\UserService\User.Domain\User.Domain.csproj", "{4FB36659-5770-4AE2-974E-45EA78751EE7}"
EndProject
Project("{FAE04EC0-301F-11D3-BF4B-00C04F79EFBC}") = "User.Application", "Services\UserService\User.Application\User.Application.csproj", "{C23CEBBA-0A0E-4A23-8D0C-973A3947BB9D}"
EndProject
Project("{FAE04EC0-301F-11D3-BF4B-00C04F79EFBC}") = "User.Infrastructure", "Services\UserService\User.Infrastructure\User.Infrastructure.csproj", "{49B0EB0B-8D97-4C84-9904-52A2620FF6F0}"
EndProject
Global
	GlobalSection(SolutionConfigurationPlatforms) = preSolution
		Debug|Any CPU = Debug|Any CPU
		Debug|x64 = Debug|x64
		Debug|x86 = Debug|x86
		Release|Any CPU = Release|Any CPU
		Release|x64 = Release|x64
		Release|x86 = Release|x86
	EndGlobalSection
	GlobalSection(ProjectConfigurationPlatforms) = postSolution
		{592AB440-1F64-4F14-9908-4315C1CF774E}.Debug|Any CPU.ActiveCfg = Debug|Any CPU
		{592AB440-1F64-4F14-9908-4315C1CF774E}.Debug|Any CPU.Build.0 = Debug|Any CPU
		{592AB440-1F64-4F14-9908-4315C1CF774E}.Debug|x64.ActiveCfg = Debug|Any CPU
		{592AB440-1F64-4F14-9908-4315C1CF774E}.Debug|x64.Build.0 = Debug|Any CPU
		{592AB440-1F64-4F14-9908-4315C1CF774E}.Debug|x86.ActiveCfg = Debug|Any CPU
		{592AB440-1F64-4F14-9908-4315C1CF774E}.Debug|x86.Build.0 = Debug|Any CPU
		{592AB440-1F64-4F14-9908-4315C1CF774E}.Release|Any CPU.ActiveCfg = Release|Any CPU
		{592AB440-1F64-4F14-9908-4315C1CF774E}.Release|Any CPU.Build.0 = Release|Any CPU
		{592AB440-1F64-4F14-9908-4315C1CF774E}.Release|x64.ActiveCfg = Release|Any CPU
		{592AB440-1F64-4F14-9908-4315C1CF774E}.Release|x64.Build.0 = Release|Any CPU
		{592AB440-1F64-4F14-9908-4315C1CF774E}.Release|x86.ActiveCfg = Release|Any CPU
		{592AB440-1F64-4F14-9908-4315C1CF774E}.Release|x86.Build.0 = Release|Any CPU
		{830A2CF9-907E-46A6-B9A2-853CC5A53E79}.Debug|Any CPU.ActiveCfg = Debug|Any CPU
		{830A2CF9-907E-46A6-B9A2-853CC5A53E79}.Debug|Any CPU.Build.0 = Debug|Any CPU
		{830A2CF9-907E-46A6-B9A2-853CC5A53E79}.Debug|x64.ActiveCfg = Debug|Any CPU
		{830A2CF9-907E-46A6-B9A2-853CC5A53E79}.Debug|x64.Build.0 = Debug|Any CPU
		{830A2CF9-907E-46A6-B9A2-853CC5A53E79}.Debug|x86.ActiveCfg = Debug|Any CPU
		{830A2CF9-907E-46A6-B9A2-853CC5A53E79}.Debug|x86.Build.0 = Debug|Any CPU
		{830A2CF9-907E-46A6-B9A2-853CC5A53E79}.Release|Any CPU.ActiveCfg = Release|Any CPU
		{830A2CF9-907E-46A6-B9A2-853CC5A53E79}.Release|Any CPU.Build.0 = Release|Any CPU
		{830A2CF9-907E-46A6-B9A2-853CC5A53E79}.Release|x64.ActiveCfg = Release|Any CPU
		{830A2CF9-907E-46A6-B9A2-853CC5A53E79}.Release|x64.Build.0 = Release|Any CPU
		{830A2CF9-907E-46A6-B9A2-853CC5A53E79}.Release|x86.ActiveCfg = Release|Any CPU
		{830A2CF9-907E-46A6-B9A2-853CC5A53E79}.Release|x86.Build.0 = Release|Any CPU
		{84C1211E-9AB6-4882-95D4-9CCA7DC772FC}.Debug|Any CPU.ActiveCfg = Debug|Any CPU
		{84C1211E-9AB6-4882-95D4-9CCA7DC772FC}.Debug|Any CPU.Build.0 = Debug|Any CPU
		{84C1211E-9AB6-4882-95D4-9CCA7DC772FC}.Debug|x64.ActiveCfg = Debug|Any CPU
		{84C1211E-9AB6-4882-95D4-9CCA7DC772FC}.Debug|x64.Build.0 = Debug|Any CPU
		{84C1211E-9AB6-4882-95D4-9CCA7DC772FC}.Debug|x86.ActiveCfg = Debug|Any CPU
		{84C1211E-9AB6-4882-95D4-9CCA7DC772FC}.Debug|x86.Build.0 = Debug|Any CPU
		{84C1211E-9AB6-4882-95D4-9CCA7DC772FC}.Release|Any CPU.ActiveCfg = Release|Any CPU
		{84C1211E-9AB6-4882-95D4-9CCA7DC772FC}.Release|Any CPU.Build.0 = Release|Any CPU
		{84C1211E-9AB6-4882-95D4-9CCA7DC772FC}.Release|x64.ActiveCfg = Release|Any CPU
		{84C1211E-9AB6-4882-95D4-9CCA7DC772FC}.Release|x64.Build.0 = Release|Any CPU
		{84C1211E-9AB6-4882-95D4-9CCA7DC772FC}.Release|x86.ActiveCfg = Release|Any CPU
		{84C1211E-9AB6-4882-95D4-9CCA7DC772FC}.Release|x86.Build.0 = Release|Any CPU
		{627C4EB9-324A-4F74-BB28-1D7ED58E569A}.Debug|Any CPU.ActiveCfg = Debug|Any CPU
		{627C4EB9-324A-4F74-BB28-1D7ED58E569A}.Debug|Any CPU.Build.0 = Debug|Any CPU
		{627C4EB9-324A-4F74-BB28-1D7ED58E569A}.Debug|x64.ActiveCfg = Debug|Any CPU
		{627C4EB9-324A-4F74-BB28-1D7ED58E569A}.Debug|x64.Build.0 = Debug|Any CPU
		{627C4EB9-324A-4F74-BB28-1D7ED58E569A}.Debug|x86.ActiveCfg = Debug|Any CPU
		{627C4EB9-324A-4F74-BB28-1D7ED58E569A}.Debug|x86.Build.0 = Debug|Any CPU
		{627C4EB9-324A-4F74-BB28-1D7ED58E569A}.Release|Any CPU.ActiveCfg = Release|Any CPU
		{627C4EB9-324A-4F74-BB28-1D7ED58E569A}.Release|Any CPU.Build.0 = Release|Any CPU
		{627C4EB9-324A-4F74-BB28-1D7ED58E569A}.Release|x64.ActiveCfg = Release|Any CPU
		{627C4EB9-324A-4F74-BB28-1D7ED58E569A}.Release|x64.Build.0 = Release|Any CPU
		{627C4EB9-324A-4F74-BB28-1D7ED58E569A}.Release|x86.ActiveCfg = Release|Any CPU
		{627C4EB9-324A-4F74-BB28-1D7ED58E569A}.Release|x86.Build.0 = Release|Any CPU
		{29BE0B8F-FE4A-46D7-B764-3A1D530C5837}.Debug|Any CPU.ActiveCfg = Debug|Any CPU
		{29BE0B8F-FE4A-46D7-B764-3A1D530C5837}.Debug|Any CPU.Build.0 = Debug|Any CPU
		{29BE0B8F-FE4A-46D7-B764-3A1D530C5837}.Debug|x64.ActiveCfg = Debug|Any CPU
		{29BE0B8F-FE4A-46D7-B764-3A1D530C5837}.Debug|x64.Build.0 = Debug|Any CPU
		{29BE0B8F-FE4A-46D7-B764-3A1D530C5837}.Debug|x86.ActiveCfg = Debug|Any CPU
		{29BE0B8F-FE4A-46D7-B764-3A1D530C5837}.Debug|x86.Build.0 = Debug|Any CPU
		{29BE0B8F-FE4A-46D7-B764-3A1D530C5837}.Release|Any CPU.ActiveCfg = Release|Any CPU
		{29BE0B8F-FE4A-46D7-B764-3A1D530C5837}.Release|Any CPU.Build.0 = Release|Any CPU
		{29BE0B8F-FE4A-46D7-B764-3A1D530C5837}.Release|x64.ActiveCfg = Release|Any CPU
		{29BE0B8F-FE4A-46D7-B764-3A1D530C5837}.Release|x64.Build.0 = Release|Any CPU
		{29BE0B8F-FE4A-46D7-B764-3A1D530C5837}.Release|x86.ActiveCfg = Release|Any CPU
		{29BE0B8F-FE4A-46D7-B764-3A1D530C5837}.Release|x86.Build.0 = Release|Any CPU
		{3DCD2D66-F074-4C95-991C-D291920F2597}.Debug|Any CPU.ActiveCfg = Debug|Any CPU
		{3DCD2D66-F074-4C95-991C-D291920F2597}.Debug|Any CPU.Build.0 = Debug|Any CPU
		{3DCD2D66-F074-4C95-991C-D291920F2597}.Debug|x64.ActiveCfg = Debug|Any CPU
		{3DCD2D66-F074-4C95-991C-D291920F2597}.Debug|x64.Build.0 = Debug|Any CPU
		{3DCD2D66-F074-4C95-991C-D291920F2597}.Debug|x86.ActiveCfg = Debug|Any CPU
		{3DCD2D66-F074-4C95-991C-D291920F2597}.Debug|x86.Build.0 = Debug|Any CPU
		{3DCD2D66-F074-4C95-991C-D291920F2597}.Release|Any CPU.ActiveCfg = Release|Any CPU
		{3DCD2D66-F074-4C95-991C-D291920F2597}.Release|Any CPU.Build.0 = Release|Any CPU
		{3DCD2D66-F074-4C95-991C-D291920F2597}.Release|x64.ActiveCfg = Release|Any CPU
		{3DCD2D66-F074-4C95-991C-D291920F2597}.Release|x64.Build.0 = Release|Any CPU
		{3DCD2D66-F074-4C95-991C-D291920F2597}.Release|x86.ActiveCfg = Release|Any CPU
		{3DCD2D66-F074-4C95-991C-D291920F2597}.Release|x86.Build.0 = Release|Any CPU
		{70F378B2-6139-4700-9F78-C20FA41649E2}.Debug|Any CPU.ActiveCfg = Debug|Any CPU
		{70F378B2-6139-4700-9F78-C20FA41649E2}.Debug|Any CPU.Build.0 = Debug|Any CPU
		{70F378B2-6139-4700-9F78-C20FA41649E2}.Debug|x64.ActiveCfg = Debug|Any CPU
		{70F378B2-6139-4700-9F78-C20FA41649E2}.Debug|x64.Build.0 = Debug|Any CPU
		{70F378B2-6139-4700-9F78-C20FA41649E2}.Debug|x86.ActiveCfg = Debug|Any CPU
		{70F378B2-6139-4700-9F78-C20FA41649E2}.Debug|x86.Build.0 = Debug|Any CPU
		{70F378B2-6139-4700-9F78-C20FA41649E2}.Release|Any CPU.ActiveCfg = Release|Any CPU
		{70F378B2-6139-4700-9F78-C20FA41649E2}.Release|Any CPU.Build.0 = Release|Any CPU
		{70F378B2-6139-4700-9F78-C20FA41649E2}.Release|x64.ActiveCfg = Release|Any CPU
		{70F378B2-6139-4700-9F78-C20FA41649E2}.Release|x64.Build.0 = Release|Any CPU
		{70F378B2-6139-4700-9F78-C20FA41649E2}.Release|x86.ActiveCfg = Release|Any CPU
		{70F378B2-6139-4700-9F78-C20FA41649E2}.Release|x86.Build.0 = Release|Any CPU
		{E67098FC-8484-4912-B8D6-3A5C4F930DF6}.Debug|Any CPU.ActiveCfg = Debug|Any CPU
		{E67098FC-8484-4912-B8D6-3A5C4F930DF6}.Debug|Any CPU.Build.0 = Debug|Any CPU
		{E67098FC-8484-4912-B8D6-3A5C4F930DF6}.Debug|x64.ActiveCfg = Debug|Any CPU
		{E67098FC-8484-4912-B8D6-3A5C4F930DF6}.Debug|x64.Build.0 = Debug|Any CPU
		{E67098FC-8484-4912-B8D6-3A5C4F930DF6}.Debug|x86.ActiveCfg = Debug|Any CPU
		{E67098FC-8484-4912-B8D6-3A5C4F930DF6}.Debug|x86.Build.0 = Debug|Any CPU
		{E67098FC-8484-4912-B8D6-3A5C4F930DF6}.Release|Any CPU.ActiveCfg = Release|Any CPU
		{E67098FC-8484-4912-B8D6-3A5C4F930DF6}.Release|Any CPU.Build.0 = Release|Any CPU
		{E67098FC-8484-4912-B8D6-3A5C4F930DF6}.Release|x64.ActiveCfg = Release|Any CPU
		{E67098FC-8484-4912-B8D6-3A5C4F930DF6}.Release|x64.Build.0 = Release|Any CPU
		{E67098FC-8484-4912-B8D6-3A5C4F930DF6}.Release|x86.ActiveCfg = Release|Any CPU
		{E67098FC-8484-4912-B8D6-3A5C4F930DF6}.Release|x86.Build.0 = Release|Any CPU
		{0EAA4D26-50BE-4F62-AF86-034A45F6583D}.Debug|Any CPU.ActiveCfg = Debug|Any CPU
		{0EAA4D26-50BE-4F62-AF86-034A45F6583D}.Debug|Any CPU.Build.0 = Debug|Any CPU
		{0EAA4D26-50BE-4F62-AF86-034A45F6583D}.Debug|x64.ActiveCfg = Debug|Any CPU
		{0EAA4D26-50BE-4F62-AF86-034A45F6583D}.Debug|x64.Build.0 = Debug|Any CPU
		{0EAA4D26-50BE-4F62-AF86-034A45F6583D}.Debug|x86.ActiveCfg = Debug|Any CPU
		{0EAA4D26-50BE-4F62-AF86-034A45F6583D}.Debug|x86.Build.0 = Debug|Any CPU
		{0EAA4D26-50BE-4F62-AF86-034A45F6583D}.Release|Any CPU.ActiveCfg = Release|Any CPU
		{0EAA4D26-50BE-4F62-AF86-034A45F6583D}.Release|Any CPU.Build.0 = Release|Any CPU
		{0EAA4D26-50BE-4F62-AF86-034A45F6583D}.Release|x64.ActiveCfg = Release|Any CPU
		{0EAA4D26-50BE-4F62-AF86-034A45F6583D}.Release|x64.Build.0 = Release|Any CPU
		{0EAA4D26-50BE-4F62-AF86-034A45F6583D}.Release|x86.ActiveCfg = Release|Any CPU
		{0EAA4D26-50BE-4F62-AF86-034A45F6583D}.Release|x86.Build.0 = Release|Any CPU
		{4FB36659-5770-4AE2-974E-45EA78751EE7}.Debug|Any CPU.ActiveCfg = Debug|Any CPU
		{4FB36659-5770-4AE2-974E-45EA78751EE7}.Debug|Any CPU.Build.0 = Debug|Any CPU
		{4FB36659-5770-4AE2-974E-45EA78751EE7}.Debug|x64.ActiveCfg = Debug|Any CPU
		{4FB36659-5770-4AE2-974E-45EA78751EE7}.Debug|x64.Build.0 = Debug|Any CPU
		{4FB36659-5770-4AE2-974E-45EA78751EE7}.Debug|x86.ActiveCfg = Debug|Any CPU
		{4FB36659-5770-4AE2-974E-45EA78751EE7}.Debug|x86.Build.0 = Debug|Any CPU
		{4FB36659-5770-4AE2-974E-45EA78751EE7}.Release|Any CPU.ActiveCfg = Release|Any CPU
		{4FB36659-5770-4AE2-974E-45EA78751EE7}.Release|Any CPU.Build.0 = Release|Any CPU
		{4FB36659-5770-4AE2-974E-45EA78751EE7}.Release|x64.ActiveCfg = Release|Any CPU
		{4FB36659-5770-4AE2-974E-45EA78751EE7}.Release|x64.Build.0 = Release|Any CPU
		{4FB36659-5770-4AE2-974E-45EA78751EE7}.Release|x86.ActiveCfg = Release|Any CPU
		{4FB36659-5770-4AE2-974E-45EA78751EE7}.Release|x86.Build.0 = Release|Any CPU
		{C23CEBBA-0A0E-4A23-8D0C-973A3947BB9D}.Debug|Any CPU.ActiveCfg = Debug|Any CPU
		{C23CEBBA-0A0E-4A23-8D0C-973A3947BB9D}.Debug|Any CPU.Build.0 = Debug|Any CPU
		{C23CEBBA-0A0E-4A23-8D0C-973A3947BB9D}.Debug|x64.ActiveCfg = Debug|Any CPU
		{C23CEBBA-0A0E-4A23-8D0C-973A3947BB9D}.Debug|x64.Build.0 = Debug|Any CPU
		{C23CEBBA-0A0E-4A23-8D0C-973A3947BB9D}.Debug|x86.ActiveCfg = Debug|Any CPU
		{C23CEBBA-0A0E-4A23-8D0C-973A3947BB9D}.Debug|x86.Build.0 = Debug|Any CPU
		{C23CEBBA-0A0E-4A23-8D0C-973A3947BB9D}.Release|Any CPU.ActiveCfg = Release|Any CPU
		{C23CEBBA-0A0E-4A23-8D0C-973A3947BB9D}.Release|Any CPU.Build.0 = Release|Any CPU
		{C23CEBBA-0A0E-4A23-8D0C-973A3947BB9D}.Release|x64.ActiveCfg = Release|Any CPU
		{C23CEBBA-0A0E-4A23-8D0C-973A3947BB9D}.Release|x64.Build.0 = Release|Any CPU
		{C23CEBBA-0A0E-4A23-8D0C-973A3947BB9D}.Release|x86.ActiveCfg = Release|Any CPU
		{C23CEBBA-0A0E-4A23-8D0C-973A3947BB9D}.Release|x86.Build.0 = Release|Any CPU
		{49B0EB0B-8D97-4C84-9904-52A2620FF6F0}.Debug|Any CPU.ActiveCfg = Debug|Any CPU
		{49B0EB0B-8D97-4C84-9904-52A2620FF6F0}.Debug|Any CPU.Build.0 = Debug|Any CPU
		{49B0EB0B-8D97-4C84-9904-52A2620FF6F0}.Debug|x64.ActiveCfg = Debug|Any CPU
		{49B0EB0B-8D97-4C84-9904-52A2620FF6F0}.Debug|x64.Build.0 = Debug|Any CPU
		{49B0EB0B-8D97-4C84-9904-52A2620FF6F0}.Debug|x86.ActiveCfg = Debug|Any CPU
		{49B0EB0B-8D97-4C84-9904-52A2620FF6F0}.Debug|x86.Build.0 = Debug|Any CPU
		{49B0EB0B-8D97-4C84-9904-52A2620FF6F0}.Release|Any CPU.ActiveCfg = Release|Any CPU
		{49B0EB0B-8D97-4C84-9904-52A2620FF6F0}.Release|Any CPU.Build.0 = Release|Any CPU
		{49B0EB0B-8D97-4C84-9904-52A2620FF6F0}.Release|x64.ActiveCfg = Release|Any CPU
		{49B0EB0B-8D97-4C84-9904-52A2620FF6F0}.Release|x64.Build.0 = Release|Any CPU
		{49B0EB0B-8D97-4C84-9904-52A2620FF6F0}.Release|x86.ActiveCfg = Release|Any CPU
		{49B0EB0B-8D97-4C84-9904-52A2620FF6F0}.Release|x86.Build.0 = Release|Any CPU
	EndGlobalSection
	GlobalSection(SolutionProperties) = preSolution
		HideSolutionNode = FALSE
	EndGlobalSection
	GlobalSection(NestedProjects) = preSolution
		{2141A215-AC49-07B8-5C97-F1F960E8B242} = {E7BDDBC6-9FD1-D1D7-ACD8-2C4F8E3D2461}
		{BB9B0570-D764-F740-A1C1-3444BA1D5022} = {5854FF58-B8C5-05C6-5BF2-ACE42193F22B}
		{05772A79-6677-48D6-4812-5BDCDF485F71} = {5854FF58-B8C5-05C6-5BF2-ACE42193F22B}
		{EDD64D91-0F4B-5ED4-2866-ADA64D5A1C33} = {4F52FD11-658E-A102-6CD3-7D7C16FFA15B}
		{8F15F396-86AE-FCEA-89EE-976BCBA78593} = {EDD64D91-0F4B-5ED4-2866-ADA64D5A1C33}
		{592AB440-1F64-4F14-9908-4315C1CF774E} = {8F15F396-86AE-FCEA-89EE-976BCBA78593}
		{D33FB775-0903-5FB4-7EB3-4480332D5C67} = {EDD64D91-0F4B-5ED4-2866-ADA64D5A1C33}
		{830A2CF9-907E-46A6-B9A2-853CC5A53E79} = {D33FB775-0903-5FB4-7EB3-4480332D5C67}
		{A3FB1F6D-6D6F-D055-5EF4-5B2F7D2732FE} = {EDD64D91-0F4B-5ED4-2866-ADA64D5A1C33}
		{84C1211E-9AB6-4882-95D4-9CCA7DC772FC} = {A3FB1F6D-6D6F-D055-5EF4-5B2F7D2732FE}
		{627C4EB9-324A-4F74-BB28-1D7ED58E569A} = {05772A79-6677-48D6-4812-5BDCDF485F71}
		{29BE0B8F-FE4A-46D7-B764-3A1D530C5837} = {05772A79-6677-48D6-4812-5BDCDF485F71}
		{3DCD2D66-F074-4C95-991C-D291920F2597} = {05772A79-6677-48D6-4812-5BDCDF485F71}
		{70F378B2-6139-4700-9F78-C20FA41649E2} = {05772A79-6677-48D6-4812-5BDCDF485F71}
		{E67098FC-8484-4912-B8D6-3A5C4F930DF6} = {BB9B0570-D764-F740-A1C1-3444BA1D5022}
		{0EAA4D26-50BE-4F62-AF86-034A45F6583D} = {2141A215-AC49-07B8-5C97-F1F960E8B242}
		{4FB36659-5770-4AE2-974E-45EA78751EE7} = {BB9B0570-D764-F740-A1C1-3444BA1D5022}
		{C23CEBBA-0A0E-4A23-8D0C-973A3947BB9D} = {BB9B0570-D764-F740-A1C1-3444BA1D5022}
		{49B0EB0B-8D97-4C84-9904-52A2620FF6F0} = {BB9B0570-D764-F740-A1C1-3444BA1D5022}
	EndGlobalSection
	GlobalSection(ExtensibilityGlobals) = postSolution
		SolutionGuid = {FC3B9D12-A55F-4AC5-A3BE-70C8E7189817}
	EndGlobalSection
EndGlobal
